
Microsoft Visual Studio Solution File, Format Version 12.00
# Visual Studio Version 16
VisualStudioVersion = 16.0.29326.143
MinimumVisualStudioVersion = 10.0.40219.1
Project("{FAE04EC0-301F-11D3-BF4B-00C04F79EFBC}") = "Week3Ora1", "Week3Ora1.csproj", "{3AC1DF80-BA1A-4E30-BA24-31EBD18DCA0B}"
EndProject
Global
	GlobalSection(SolutionConfigurationPlatforms) = preSolution
		Debug|Any CPU = Debug|Any CPU
		Release|Any CPU = Release|Any CPU
	EndGlobalSection
	GlobalSection(ProjectConfigurationPlatforms) = postSolution
		{3AC1DF80-BA1A-4E30-BA24-31EBD18DCA0B}.Debug|Any CPU.ActiveCfg = Debug|Any CPU
		{3AC1DF80-BA1A-4E30-BA24-31EBD18DCA0B}.Debug|Any CPU.Build.0 = Debug|Any CPU
		{3AC1DF80-BA1A-4E30-BA24-31EBD18DCA0B}.Release|Any CPU.ActiveCfg = Release|Any CPU
		{3AC1DF80-BA1A-4E30-BA24-31EBD18DCA0B}.Release|Any CPU.Build.0 = Release|Any CPU
	EndGlobalSection
	GlobalSection(SolutionProperties) = preSolution
		HideSolutionNode = FALSE
	EndGlobalSection
	GlobalSection(ExtensibilityGlobals) = postSolution
		SolutionGuid = {A2D0C22A-5E8D-466A-8E53-C70F00C46C79}
	EndGlobalSection
EndGlobal
